{
    "name": "coding-flavour-web-monorepo",
    "lockfileVersion": 2,
    "requires": true,
    "packages": {
        "": {
            "name": "coding-flavour-web-monorepo",
            "workspaces": [
                "coding-flavour-web",
                "coding-flavour-storybook"
            ]
        }
    }
}
